
Microsoft Visual Studio Solution File, Format Version 12.00
# Visual Studio 2012
Project("{FAE04EC0-301F-11D3-BF4B-00C04F79EFBC}") = "FormularioCalculadora", "FormularioCalculadora\FormularioCalculadora.csproj", "{1EED814D-E251-48A3-88CC-C1D733C040F4}"
EndProject
Project("{FAE04EC0-301F-11D3-BF4B-00C04F79EFBC}") = "Matematicas", "Matematicas\Matematicas.csproj", "{2F6375DE-E637-43B1-A7C4-6537AFC9A6A8}"
EndProject
Global
	GlobalSection(SolutionConfigurationPlatforms) = preSolution
		Debug|Any CPU = Debug|Any CPU
		Release|Any CPU = Release|Any CPU
	EndGlobalSection
	GlobalSection(ProjectConfigurationPlatforms) = postSolution
		{1EED814D-E251-48A3-88CC-C1D733C040F4}.Debug|Any CPU.ActiveCfg = Debug|Any CPU
		{1EED814D-E251-48A3-88CC-C1D733C040F4}.Debug|Any CPU.Build.0 = Debug|Any CPU
		{1EED814D-E251-48A3-88CC-C1D733C040F4}.Release|Any CPU.ActiveCfg = Release|Any CPU
		{1EED814D-E251-48A3-88CC-C1D733C040F4}.Release|Any CPU.Build.0 = Release|Any CPU
		{2F6375DE-E637-43B1-A7C4-6537AFC9A6A8}.Debug|Any CPU.ActiveCfg = Debug|Any CPU
		{2F6375DE-E637-43B1-A7C4-6537AFC9A6A8}.Debug|Any CPU.Build.0 = Debug|Any CPU
		{2F6375DE-E637-43B1-A7C4-6537AFC9A6A8}.Release|Any CPU.ActiveCfg = Release|Any CPU
		{2F6375DE-E637-43B1-A7C4-6537AFC9A6A8}.Release|Any CPU.Build.0 = Release|Any CPU
	EndGlobalSection
	GlobalSection(SolutionProperties) = preSolution
		HideSolutionNode = FALSE
	EndGlobalSection
EndGlobal
