
Microsoft Visual Studio Solution File, Format Version 12.00
# Visual Studio 2012
Project("{FAE04EC0-301F-11D3-BF4B-00C04F79EFBC}") = "MainCorreo", "MainCorreo\MainCorreo.csproj", "{76AD2FB9-8D24-41B1-BE28-E1AB017BE27D}"
EndProject
Project("{FAE04EC0-301F-11D3-BF4B-00C04F79EFBC}") = "Entidades", "Entidades\Entidades.csproj", "{53DDF318-46B3-4947-80D1-E1C4F804D361}"
EndProject
Project("{FAE04EC0-301F-11D3-BF4B-00C04F79EFBC}") = "Test Unitarios", "Test Unitarios\Test Unitarios.csproj", "{364F0F52-8EB2-4C0E-8656-84F73962D7C7}"
EndProject
Global
	GlobalSection(SolutionConfigurationPlatforms) = preSolution
		Debug|Any CPU = Debug|Any CPU
		Release|Any CPU = Release|Any CPU
	EndGlobalSection
	GlobalSection(ProjectConfigurationPlatforms) = postSolution
		{76AD2FB9-8D24-41B1-BE28-E1AB017BE27D}.Debug|Any CPU.ActiveCfg = Debug|Any CPU
		{76AD2FB9-8D24-41B1-BE28-E1AB017BE27D}.Debug|Any CPU.Build.0 = Debug|Any CPU
		{76AD2FB9-8D24-41B1-BE28-E1AB017BE27D}.Release|Any CPU.ActiveCfg = Release|Any CPU
		{76AD2FB9-8D24-41B1-BE28-E1AB017BE27D}.Release|Any CPU.Build.0 = Release|Any CPU
		{53DDF318-46B3-4947-80D1-E1C4F804D361}.Debug|Any CPU.ActiveCfg = Debug|Any CPU
		{53DDF318-46B3-4947-80D1-E1C4F804D361}.Debug|Any CPU.Build.0 = Debug|Any CPU
		{53DDF318-46B3-4947-80D1-E1C4F804D361}.Release|Any CPU.ActiveCfg = Release|Any CPU
		{53DDF318-46B3-4947-80D1-E1C4F804D361}.Release|Any CPU.Build.0 = Release|Any CPU
		{364F0F52-8EB2-4C0E-8656-84F73962D7C7}.Debug|Any CPU.ActiveCfg = Debug|Any CPU
		{364F0F52-8EB2-4C0E-8656-84F73962D7C7}.Debug|Any CPU.Build.0 = Debug|Any CPU
		{364F0F52-8EB2-4C0E-8656-84F73962D7C7}.Release|Any CPU.ActiveCfg = Release|Any CPU
		{364F0F52-8EB2-4C0E-8656-84F73962D7C7}.Release|Any CPU.Build.0 = Release|Any CPU
	EndGlobalSection
	GlobalSection(SolutionProperties) = preSolution
		HideSolutionNode = FALSE
	EndGlobalSection
EndGlobal
